version: 6
environments:
  default:
    channels:
    - url: https://conda.anaconda.org/conda-forge/
    indexes:
    - https://pypi.org/simple
    packages:
      osx-arm64:
      - conda: https://conda.anaconda.org/conda-forge/noarch/aiohappyeyeballs-2.4.4-pyhd8ed1ab_1.conda
      - conda: https://conda.anaconda.org/conda-forge/osx-arm64/aiohttp-3.11.11-py313ha9b7d5b_0.conda
      - conda: https://conda.anaconda.org/conda-forge/noarch/aiosignal-1.3.2-pyhd8ed1ab_0.conda
      - conda: https://conda.anaconda.org/conda-forge/noarch/annotated-types-0.7.0-pyhd8ed1ab_1.conda
      - conda: https://conda.anaconda.org/conda-forge/noarch/anyio-4.8.0-pyhd8ed1ab_0.conda
      - conda: https://conda.anaconda.org/conda-forge/noarch/async-timeout-4.0.3-pyhd8ed1ab_0.conda
      - conda: https://conda.anaconda.org/conda-forge/noarch/attrs-24.3.0-pyh71513ae_0.conda
      - conda: https://conda.anaconda.org/conda-forge/osx-arm64/brotli-python-1.1.0-py313h3579c5c_2.conda
      - conda: https://conda.anaconda.org/conda-forge/osx-arm64/bzip2-1.0.8-h99b78c6_7.conda
      - conda: https://conda.anaconda.org/conda-forge/osx-arm64/ca-certificates-2024.12.14-hf0a4a13_0.conda
      - conda: https://conda.anaconda.org/conda-forge/noarch/certifi-2024.12.14-pyhd8ed1ab_0.conda
      - conda: https://conda.anaconda.org/conda-forge/osx-arm64/cffi-1.17.1-py313hc845a76_0.conda
      - conda: https://conda.anaconda.org/conda-forge/noarch/charset-normalizer-3.4.1-pyhd8ed1ab_0.conda
      - conda: https://conda.anaconda.org/conda-forge/noarch/exceptiongroup-1.2.2-pyhd8ed1ab_1.conda
      - conda: https://conda.anaconda.org/conda-forge/osx-arm64/frozenlist-1.5.0-py313ha9b7d5b_1.conda
      - conda: https://conda.anaconda.org/conda-forge/osx-arm64/greenlet-3.1.1-py313h928ef07_1.conda
      - conda: https://conda.anaconda.org/conda-forge/noarch/h11-0.14.0-pyhd8ed1ab_1.conda
      - conda: https://conda.anaconda.org/conda-forge/noarch/h2-4.1.0-pyhd8ed1ab_1.conda
      - conda: https://conda.anaconda.org/conda-forge/noarch/hpack-4.1.0-pyhd8ed1ab_0.conda
      - conda: https://conda.anaconda.org/conda-forge/noarch/httpcore-1.0.7-pyh29332c3_1.conda
      - conda: https://conda.anaconda.org/conda-forge/noarch/httpx-0.28.1-pyhd8ed1ab_0.conda
      - conda: https://conda.anaconda.org/conda-forge/noarch/hyperframe-6.1.0-pyhd8ed1ab_0.conda
      - conda: https://conda.anaconda.org/conda-forge/noarch/idna-3.10-pyhd8ed1ab_1.conda
      - conda: https://conda.anaconda.org/conda-forge/noarch/jsonpatch-1.33-pyhd8ed1ab_1.conda
      - conda: https://conda.anaconda.org/conda-forge/osx-arm64/jsonpointer-3.0.0-py313h8f79df9_1.conda
      - conda: https://conda.anaconda.org/conda-forge/noarch/langchain-0.3.15-pymin312_hff2d567_1.conda
      - conda: https://conda.anaconda.org/conda-forge/noarch/langchain-core-0.3.31-pyhd8ed1ab_0.conda
      - conda: https://conda.anaconda.org/conda-forge/noarch/langchain-text-splitters-0.3.5-pyhd8ed1ab_0.conda
      - conda: https://conda.anaconda.org/conda-forge/noarch/langsmith-0.2.11-pyhd8ed1ab_0.conda
      - conda: https://conda.anaconda.org/conda-forge/osx-arm64/libblas-3.9.0-26_osxarm64_openblas.conda
      - conda: https://conda.anaconda.org/conda-forge/osx-arm64/libcblas-3.9.0-26_osxarm64_openblas.conda
      - conda: https://conda.anaconda.org/conda-forge/osx-arm64/libcxx-19.1.7-ha82da77_0.conda
      - conda: https://conda.anaconda.org/conda-forge/osx-arm64/libexpat-2.6.4-h286801f_0.conda
      - conda: https://conda.anaconda.org/conda-forge/osx-arm64/libffi-3.4.2-h3422bc3_5.tar.bz2
      - conda: https://conda.anaconda.org/conda-forge/osx-arm64/libgfortran-5.0.0-13_2_0_hd922786_3.conda
      - conda: https://conda.anaconda.org/conda-forge/osx-arm64/libgfortran5-13.2.0-hf226fd6_3.conda
      - conda: https://conda.anaconda.org/conda-forge/osx-arm64/liblapack-3.9.0-26_osxarm64_openblas.conda
      - conda: https://conda.anaconda.org/conda-forge/osx-arm64/liblzma-5.6.3-h39f12f2_1.conda
      - conda: https://conda.anaconda.org/conda-forge/osx-arm64/libmpdec-4.0.0-h99b78c6_0.conda
      - conda: https://conda.anaconda.org/conda-forge/osx-arm64/libopenblas-0.3.28-openmp_hf332438_1.conda
      - conda: https://conda.anaconda.org/conda-forge/osx-arm64/libsqlite-3.48.0-h3f77e49_1.conda
      - conda: https://conda.anaconda.org/conda-forge/osx-arm64/libzlib-1.3.1-h8359307_2.conda
      - conda: https://conda.anaconda.org/conda-forge/osx-arm64/llvm-openmp-19.1.7-hdb05f8b_0.conda
      - conda: https://conda.anaconda.org/conda-forge/osx-arm64/multidict-6.1.0-py313h6347b5a_1.conda
      - conda: https://conda.anaconda.org/conda-forge/osx-arm64/ncurses-6.5-h5e97a16_2.conda
      - conda: https://conda.anaconda.org/conda-forge/osx-arm64/numpy-2.2.2-py313h41a2e72_0.conda
      - conda: https://conda.anaconda.org/conda-forge/osx-arm64/openssl-3.4.0-h81ee809_1.conda
      - conda: https://conda.anaconda.org/conda-forge/osx-arm64/orjson-3.10.15-py313hdde674f_0.conda
      - conda: https://conda.anaconda.org/conda-forge/noarch/packaging-24.2-pyhd8ed1ab_2.conda
      - conda: https://conda.anaconda.org/conda-forge/osx-arm64/propcache-0.2.1-py313ha9b7d5b_1.conda
      - conda: https://conda.anaconda.org/conda-forge/noarch/pycparser-2.22-pyh29332c3_1.conda
      - conda: https://conda.anaconda.org/conda-forge/noarch/pydantic-2.10.6-pyh3cfb1c2_0.conda
      - conda: https://conda.anaconda.org/conda-forge/osx-arm64/pydantic-core-2.27.2-py313hdde674f_0.conda
      - conda: https://conda.anaconda.org/conda-forge/noarch/pysocks-1.7.1-pyha55dd90_7.conda
      - conda: https://conda.anaconda.org/conda-forge/osx-arm64/python-3.13.1-h4f43103_105_cp313.conda
      - conda: https://conda.anaconda.org/conda-forge/osx-arm64/python_abi-3.13-5_cp313.conda
      - conda: https://conda.anaconda.org/conda-forge/osx-arm64/pyyaml-6.0.2-py313ha9b7d5b_2.conda
      - conda: https://conda.anaconda.org/conda-forge/osx-arm64/readline-8.2-h92ec313_1.conda
      - conda: https://conda.anaconda.org/conda-forge/noarch/requests-2.32.3-pyhd8ed1ab_1.conda
      - conda: https://conda.anaconda.org/conda-forge/noarch/requests-toolbelt-1.0.0-pyhd8ed1ab_1.conda
      - conda: https://conda.anaconda.org/conda-forge/noarch/sniffio-1.3.1-pyhd8ed1ab_1.conda
      - conda: https://conda.anaconda.org/conda-forge/osx-arm64/sqlalchemy-2.0.37-py313h90d716c_0.conda
      - conda: https://conda.anaconda.org/conda-forge/noarch/tenacity-9.0.0-pyhd8ed1ab_1.conda
      - conda: https://conda.anaconda.org/conda-forge/osx-arm64/tk-8.6.13-h5083fa2_1.conda
      - conda: https://conda.anaconda.org/conda-forge/noarch/typing-extensions-4.12.2-hd8ed1ab_1.conda
      - conda: https://conda.anaconda.org/conda-forge/noarch/typing_extensions-4.12.2-pyha770c72_1.conda
      - conda: https://conda.anaconda.org/conda-forge/noarch/tzdata-2025a-h78e105d_0.conda
      - conda: https://conda.anaconda.org/conda-forge/noarch/urllib3-2.3.0-pyhd8ed1ab_0.conda
      - conda: https://conda.anaconda.org/conda-forge/osx-arm64/yaml-0.2.5-h3422bc3_2.tar.bz2
      - conda: https://conda.anaconda.org/conda-forge/osx-arm64/yarl-1.18.3-py313ha9b7d5b_1.conda
      - conda: https://conda.anaconda.org/conda-forge/osx-arm64/zstandard-0.23.0-py313hf2da073_1.conda
      - conda: https://conda.anaconda.org/conda-forge/osx-arm64/zstd-1.5.6-hb46c0d2_0.conda
      - pypi: .
packages:
- conda: https://conda.anaconda.org/conda-forge/noarch/aiohappyeyeballs-2.4.4-pyhd8ed1ab_1.conda
  sha256: 95d4713e49ea92ae50cf42393683ede706b7875af5f7cb14c253438180afa732
  md5: 296b403617bafa89df4971567af79013
  depends:
  - python >=3.9
  license: PSF-2.0
  license_family: PSF
  purls:
  - pkg:pypi/aiohappyeyeballs?source=hash-mapping
  size: 19351
  timestamp: 1733332029649
- conda: https://conda.anaconda.org/conda-forge/osx-arm64/aiohttp-3.11.11-py313ha9b7d5b_0.conda
  sha256: 19ab96e2169b00379eb0ada130b8f9d0ad3c4c2353697cec21330aad6f4a67b6
  md5: c1e5ab6d1071a317a31a4199e9602e0e
  depends:
  - __osx >=11.0
  - aiohappyeyeballs >=2.3.0
  - aiosignal >=1.1.2
  - attrs >=17.3.0
  - frozenlist >=1.1.1
  - multidict >=4.5,<7.0
  - propcache >=0.2.0
  - python >=3.13,<3.14.0a0
  - python >=3.13,<3.14.0a0 *_cp313
  - python_abi 3.13.* *_cp313
  - yarl >=1.17.0,<2.0
  arch: arm64
  platform: osx
  license: MIT AND Apache-2.0
  license_family: Apache
  purls:
  - pkg:pypi/aiohttp?source=hash-mapping
  size: 882194
  timestamp: 1734597207077
- conda: https://conda.anaconda.org/conda-forge/noarch/aiosignal-1.3.2-pyhd8ed1ab_0.conda
  sha256: 7de8ced1918bbdadecf8e1c1c68237fe5709c097bd9e0d254f4cad118f4345d0
  md5: 1a3981115a398535dbe3f6d5faae3d36
  depends:
  - frozenlist >=1.1.0
  - python >=3.9
  license: Apache-2.0
  license_family: APACHE
  purls:
  - pkg:pypi/aiosignal?source=hash-mapping
  size: 13229
  timestamp: 1734342253061
- conda: https://conda.anaconda.org/conda-forge/noarch/annotated-types-0.7.0-pyhd8ed1ab_1.conda
  sha256: e0ea1ba78fbb64f17062601edda82097fcf815012cf52bb704150a2668110d48
  md5: 2934f256a8acfe48f6ebb4fce6cde29c
  depends:
  - python >=3.9
  - typing-extensions >=4.0.0
  license: MIT
  license_family: MIT
  purls:
  - pkg:pypi/annotated-types?source=hash-mapping
  size: 18074
  timestamp: 1733247158254
- conda: https://conda.anaconda.org/conda-forge/noarch/anyio-4.8.0-pyhd8ed1ab_0.conda
  sha256: f1455d2953e3eb6d71bc49881c8558d8e01888469dfd21061dd48afb6183e836
  md5: 848d25bfbadf020ee4d4ba90e5668252
  depends:
  - exceptiongroup >=1.0.2
  - idna >=2.8
  - python >=3.9
  - sniffio >=1.1
  - typing_extensions >=4.5
  constrains:
  - trio >=0.26.1
  - uvloop >=0.21
  license: MIT
  license_family: MIT
  purls:
  - pkg:pypi/anyio?source=hash-mapping
  size: 115305
  timestamp: 1736174485476
- conda: https://conda.anaconda.org/conda-forge/noarch/async-timeout-4.0.3-pyhd8ed1ab_0.conda
  sha256: bd8b698e7f037a9c6107216646f1191f4f7a7fc6da6c34d1a6d4c211bcca8979
  md5: 3ce482ec3066e6d809dbbb1d1679f215
  depends:
  - python >=3.7
  - typing-extensions >=3.6.5
  license: Apache-2.0
  license_family: Apache
  purls:
  - pkg:pypi/async-timeout?source=hash-mapping
  size: 11352
  timestamp: 1691763717537
- conda: https://conda.anaconda.org/conda-forge/noarch/attrs-24.3.0-pyh71513ae_0.conda
  sha256: 750186af694a7130eaf7119fbb56db0d2326d8995ad5b8eae23c622b85fea29a
  md5: 356927ace43302bf6f5926e2a58dae6a
  depends:
  - python >=3.9
  license: MIT
  license_family: MIT
  purls:
  - pkg:pypi/attrs?source=hash-mapping
  size: 56354
  timestamp: 1734348889193
- conda: https://conda.anaconda.org/conda-forge/osx-arm64/brotli-python-1.1.0-py313h3579c5c_2.conda
  sha256: b0a66572f44570ee7cc960e223ca8600d26bb20cfb76f16b95adf13ec4ee3362
  md5: f3bee63c7b5d041d841aff05785c28b7
  depends:
  - __osx >=11.0
  - libcxx >=17
  - python >=3.13.0rc1,<3.14.0a0
  - python >=3.13.0rc1,<3.14.0a0 *_cp313
  - python_abi 3.13.* *_cp313
  constrains:
  - libbrotlicommon 1.1.0 hd74edd7_2
  arch: arm64
  platform: osx
  license: MIT
  license_family: MIT
  purls:
  - pkg:pypi/brotli?source=hash-mapping
  size: 339067
  timestamp: 1725268603536
- conda: https://conda.anaconda.org/conda-forge/osx-arm64/bzip2-1.0.8-h99b78c6_7.conda
  sha256: adfa71f158cbd872a36394c56c3568e6034aa55c623634b37a4836bd036e6b91
  md5: fc6948412dbbbe9a4c9ddbbcfe0a79ab
  depends:
  - __osx >=11.0
  arch: arm64
  platform: osx
  license: bzip2-1.0.6
  license_family: BSD
  purls: []
  size: 122909
  timestamp: 1720974522888
- conda: https://conda.anaconda.org/conda-forge/osx-arm64/ca-certificates-2024.12.14-hf0a4a13_0.conda
  sha256: 256be633fd0882ccc1a7a32bc278547e1703f85082c0789a87a603ee3ab8fb82
  md5: 7cb381a6783d91902638e4ed1ebd478e
  arch: arm64
  platform: osx
  license: ISC
  purls: []
  size: 157091
  timestamp: 1734208344343
- conda: https://conda.anaconda.org/conda-forge/noarch/certifi-2024.12.14-pyhd8ed1ab_0.conda
  sha256: 048c16a9cbcb1fbad02083414d3bc7c1d0eea4b39aee6aa6bf8d1d5089ca8bad
  md5: 6feb87357ecd66733be3279f16a8c400
  depends:
  - python >=3.9
  license: ISC
  purls:
  - pkg:pypi/certifi?source=hash-mapping
  size: 161642
  timestamp: 1734380604767
- conda: https://conda.anaconda.org/conda-forge/osx-arm64/cffi-1.17.1-py313hc845a76_0.conda
  sha256: 50650dfa70ccf12b9c4a117d7ef0b41895815bb7328d830d667a6ba3525b60e8
  md5: 6d24d5587a8615db33c961a4ca0a8034
  depends:
  - __osx >=11.0
  - libffi >=3.4,<4.0a0
  - pycparser
  - python >=3.13.0rc1,<3.14.0a0
  - python >=3.13.0rc1,<3.14.0a0 *_cp313
  - python_abi 3.13.* *_cp313
  arch: arm64
  platform: osx
  license: MIT
  license_family: MIT
  purls:
  - pkg:pypi/cffi?source=hash-mapping
  size: 282115
  timestamp: 1725560759157
- conda: https://conda.anaconda.org/conda-forge/noarch/charset-normalizer-3.4.1-pyhd8ed1ab_0.conda
  sha256: 4e0ee91b97e5de3e74567bdacea27f0139709fceca4db8adffbe24deffccb09b
  md5: e83a31202d1c0a000fce3e9cf3825875
  depends:
  - python >=3.9
  license: MIT
  license_family: MIT
  purls:
  - pkg:pypi/charset-normalizer?source=hash-mapping
  size: 47438
  timestamp: 1735929811779
- conda: https://conda.anaconda.org/conda-forge/noarch/exceptiongroup-1.2.2-pyhd8ed1ab_1.conda
  sha256: cbde2c64ec317118fc06b223c5fd87c8a680255e7348dd60e7b292d2e103e701
  md5: a16662747cdeb9abbac74d0057cc976e
  depends:
  - python >=3.9
  license: MIT and PSF-2.0
  purls:
  - pkg:pypi/exceptiongroup?source=hash-mapping
  size: 20486
  timestamp: 1733208916977
- conda: https://conda.anaconda.org/conda-forge/osx-arm64/frozenlist-1.5.0-py313ha9b7d5b_1.conda
  sha256: c1217ac210f34a0e0d48406ecf58e48e769d234c0ef58b594703efd88f1a939e
  md5: 1e73247993f60b945bb19040c43a7bb9
  depends:
  - __osx >=11.0
  - python >=3.13,<3.14.0a0
  - python >=3.13,<3.14.0a0 *_cp313
  - python_abi 3.13.* *_cp313
  arch: arm64
  platform: osx
  license: Apache-2.0
  license_family: APACHE
  purls:
  - pkg:pypi/frozenlist?source=hash-mapping
  size: 56197
  timestamp: 1737645621670
- conda: https://conda.anaconda.org/conda-forge/osx-arm64/greenlet-3.1.1-py313h928ef07_1.conda
  sha256: cdcfd34e0d75defa71404aa99f1fd48d05aae8146a1f6925a7d6c3898af97a7f
  md5: eb0a6ff24713b79eb26b5119013c2c19
  depends:
  - __osx >=11.0
  - libcxx >=18
  - python >=3.13,<3.14.0a0
  - python >=3.13,<3.14.0a0 *_cp313
  - python_abi 3.13.* *_cp313
  arch: arm64
  platform: osx
  license: MIT
  license_family: MIT
  purls:
  - pkg:pypi/greenlet?source=hash-mapping
  size: 233061
  timestamp: 1734533042943
- conda: https://conda.anaconda.org/conda-forge/noarch/h11-0.14.0-pyhd8ed1ab_1.conda
  sha256: 622516185a7c740d5c7f27016d0c15b45782c1501e5611deec63fd70344ce7c8
  md5: 7ee49e89531c0dcbba9466f6d115d585
  depends:
  - python >=3.9
  - typing_extensions
  license: MIT
  license_family: MIT
  purls:
  - pkg:pypi/h11?source=hash-mapping
  size: 51846
  timestamp: 1733327599467
- conda: https://conda.anaconda.org/conda-forge/noarch/h2-4.1.0-pyhd8ed1ab_1.conda
  sha256: 843ddad410c370672a8250470697027618f104153612439076d4d7b91eeb7b5c
  md5: 825927dc7b0f287ef8d4d0011bb113b1
  depends:
  - hpack >=4.0,<5
  - hyperframe >=6.0,<7
  - python >=3.9
  license: MIT
  license_family: MIT
  purls:
  - pkg:pypi/h2?source=hash-mapping
  size: 52000
  timestamp: 1733298867359
- conda: https://conda.anaconda.org/conda-forge/noarch/hpack-4.1.0-pyhd8ed1ab_0.conda
  sha256: 6ad78a180576c706aabeb5b4c8ceb97c0cb25f1e112d76495bff23e3779948ba
  md5: 0a802cb9888dd14eeefc611f05c40b6e
  depends:
  - python >=3.9
  license: MIT
  license_family: MIT
  purls:
  - pkg:pypi/hpack?source=hash-mapping
  size: 30731
  timestamp: 1737618390337
- conda: https://conda.anaconda.org/conda-forge/noarch/httpcore-1.0.7-pyh29332c3_1.conda
  sha256: c84d012a245171f3ed666a8bf9319580c269b7843ffa79f26468842da3abd5df
  md5: 2ca8e6dbc86525c8b95e3c0ffa26442e
  depends:
  - python >=3.8
  - h11 >=0.13,<0.15
  - h2 >=3,<5
  - sniffio 1.*
  - anyio >=3.0,<5.0
  - certifi
  license: BSD-3-Clause
  license_family: BSD
  purls: []
  size: 48959
  timestamp: 1731707562362
- conda: https://conda.anaconda.org/conda-forge/noarch/httpx-0.28.1-pyhd8ed1ab_0.conda
  sha256: cd0f1de3697b252df95f98383e9edb1d00386bfdd03fdf607fa42fe5fcb09950
  md5: d6989ead454181f4f9bc987d3dc4e285
  depends:
  - anyio
  - certifi
  - httpcore 1.*
  - idna
  - python >=3.9
  license: BSD-3-Clause
  license_family: BSD
  purls:
  - pkg:pypi/httpx?source=hash-mapping
  size: 63082
  timestamp: 1733663449209
- conda: https://conda.anaconda.org/conda-forge/noarch/hyperframe-6.1.0-pyhd8ed1ab_0.conda
  sha256: 77af6f5fe8b62ca07d09ac60127a30d9069fdc3c68d6b256754d0ffb1f7779f8
  md5: 8e6923fc12f1fe8f8c4e5c9f343256ac
  depends:
  - python >=3.9
  license: MIT
  license_family: MIT
  purls:
  - pkg:pypi/hyperframe?source=hash-mapping
  size: 17397
  timestamp: 1737618427549
- conda: https://conda.anaconda.org/conda-forge/noarch/idna-3.10-pyhd8ed1ab_1.conda
  sha256: d7a472c9fd479e2e8dcb83fb8d433fce971ea369d704ece380e876f9c3494e87
  md5: 39a4f67be3286c86d696df570b1201b7
  depends:
  - python >=3.9
  license: BSD-3-Clause
  license_family: BSD
  purls:
  - pkg:pypi/idna?source=hash-mapping
  size: 49765
  timestamp: 1733211921194
- conda: https://conda.anaconda.org/conda-forge/noarch/jsonpatch-1.33-pyhd8ed1ab_1.conda
  sha256: 304955757d1fedbe344af43b12b5467cca072f83cce6109361ba942e186b3993
  md5: cb60ae9cf02b9fcb8004dec4089e5691
  depends:
  - jsonpointer >=1.9
  - python >=3.9
  license: BSD-3-Clause
  license_family: BSD
  purls:
  - pkg:pypi/jsonpatch?source=hash-mapping
  size: 17311
  timestamp: 1733814664790
- conda: https://conda.anaconda.org/conda-forge/osx-arm64/jsonpointer-3.0.0-py313h8f79df9_1.conda
  sha256: cc2f68ceb34bca53b7b9a3eb3806cc893ef8713a5a6df7edf7ff989f559ef81d
  md5: f2757998237755a74a12680a4e6a6bd6
  depends:
  - python >=3.13.0rc1,<3.14.0a0
  - python >=3.13.0rc1,<3.14.0a0 *_cp313
  - python_abi 3.13.* *_cp313
  arch: arm64
  platform: osx
  license: BSD-3-Clause
  license_family: BSD
  purls:
  - pkg:pypi/jsonpointer?source=hash-mapping
  size: 18232
  timestamp: 1725303194596
- conda: https://conda.anaconda.org/conda-forge/noarch/langchain-0.3.15-pymin312_hff2d567_1.conda
  sha256: 396838c98272d600ac14d5efeb4c7fc61c6c0bb80298b5f2d0e6c19811d279c5
  md5: d108af4950303eb46ae08a34a2f28b03
  depends:
  - aiohttp >=3.8.3,<4.0.0
  - async-timeout >=4.0.0,<5.0.0
  - langchain-core >=0.3.31,<0.4.0
  - langchain-text-splitters >=0.3.3,<0.4.0
  - langsmith >=0.1.17,<0.4
  - numpy >=1.22.4,<3
  - pydantic >=2.7.4,<3.0.0
  - python >=3.12
  - pyyaml >=5.3
  - requests >=2.0.0,<3.0.0
  - sqlalchemy >=1.4,<3
  - tenacity >=8.1.0,!=8.4.0,<10
  constrains:
  - fireworks-ai >=0.13.0
  - jsonschema >=4.22.0,<5
  - defusedxml <0.8.0,>=0.7.1
  - openai >=1.10.0,<2.0.0
  - anthropic >=0.28.0,<1
  - numexpr >=2.8.6,<3
  - aiosqlite >=0.19.0,<0.20
  - httpx >=0.25.2,<1
  - openai >=1.26.0,<2.0.0
  - rapidfuzz >=3.1.1,<4
  - tokenizers >=0.15.1,<1
  - httpx-sse >=0.3.1,<1
  - groq >=0.4.1,<1
  - aiohttp >=3.9.1,<4.0.0
  - requests >=2.0.0,<3.0.0
  - tiktoken >=0.7,<1
  license: MIT
  purls:
  - pkg:pypi/langchain?source=hash-mapping
  size: 432976
  timestamp: 1737705349831
- conda: https://conda.anaconda.org/conda-forge/noarch/langchain-core-0.3.31-pyhd8ed1ab_0.conda
  sha256: 1042cc072c2d979925d383f3eb074ccb3aade80125be3fa301eb000dbddf858a
  md5: 36bfe0e43f1629aa231d60767f8b6ac2
  depends:
  - jsonpatch >=1.33.0,<2.0.0
  - langsmith >=0.1.125,<0.4
  - packaging >=23.2,<25
  - pydantic >=2.5.2,<3.0.0
  - python >=3.9,<4.0
  - pyyaml >=5.3
  - tenacity >=8.1.0,!=8.4.0,<10.0.0
  - typing_extensions >=4.7
  constrains:
  - jinja2 >=3.0.0,<4.0.0
  license: MIT
  license_family: MIT
  purls:
  - pkg:pypi/langchain-core?source=hash-mapping
  size: 270132
  timestamp: 1737429381528
- conda: https://conda.anaconda.org/conda-forge/noarch/langchain-text-splitters-0.3.5-pyhd8ed1ab_0.conda
  sha256: d0a3450ed9e77429589678efdae6e33065d5d62c89e8bb31e6b4fa0b7ce4d162
  md5: 4a29f8119540949f21543383426f0699
  depends:
  - langchain-core >=0.3.29,<0.4.0
  - python >=3.9
  constrains:
  - beautifulsoup4 >=4.12.3,<5.0.0
  - lxml >=4.9.3,<6.0.0
  license: MIT
  license_family: MIT
  purls:
  - pkg:pypi/langchain-text-splitters?source=hash-mapping
  size: 31659
  timestamp: 1736285699240
- conda: https://conda.anaconda.org/conda-forge/noarch/langsmith-0.2.11-pyhd8ed1ab_0.conda
  sha256: 8018e5acf83bd5782248b56f59dcc09c7f23e7046c53fcfe4b0912de26ff90eb
  md5: 9d949c17fcf0e72779d75ae1546d1242
  depends:
  - httpx >=0.23.0,<1
  - orjson >=3.9.14,<4.0.0
  - pydantic >=1,<3
  - python >=3.9,<4.0
  - requests >=2.0.0,<3.0.0
  - requests-toolbelt >=1.0.0,<2.0.0
  license: MIT
  license_family: MIT
  purls:
  - pkg:pypi/langsmith?source=hash-mapping
  size: 278536
  timestamp: 1737099395741
- conda: https://conda.anaconda.org/conda-forge/osx-arm64/libblas-3.9.0-26_osxarm64_openblas.conda
  build_number: 26
  sha256: 597f9c3779caa979c8c6abbb3ba8c7191b84e1a910d6b0d10e5faf35284c450c
  md5: 21be102c9ae80a67ba7de23b129aa7f6
  depends:
  - libopenblas >=0.3.28,<0.3.29.0a0
  - libopenblas >=0.3.28,<1.0a0
  constrains:
  - liblapack 3.9.0 26_osxarm64_openblas
  - liblapacke 3.9.0 26_osxarm64_openblas
  - libcblas 3.9.0 26_osxarm64_openblas
  - blas * openblas
  arch: arm64
  platform: osx
  license: BSD-3-Clause
  license_family: BSD
  purls: []
  size: 16714
  timestamp: 1734433054681
- conda: https://conda.anaconda.org/conda-forge/osx-arm64/libcblas-3.9.0-26_osxarm64_openblas.conda
  build_number: 26
  sha256: 27a29ef6b2fd2179bc3a0bb9db351f078ba140ca10485dca147c399639f84c93
  md5: a0e9980fe12d42f6d0c0ec009f67e948
  depends:
  - libblas 3.9.0 26_osxarm64_openblas
  constrains:
  - liblapack 3.9.0 26_osxarm64_openblas
  - liblapacke 3.9.0 26_osxarm64_openblas
  - blas * openblas
  arch: arm64
  platform: osx
  license: BSD-3-Clause
  license_family: BSD
  purls: []
  size: 16628
  timestamp: 1734433061517
- conda: https://conda.anaconda.org/conda-forge/osx-arm64/libcxx-19.1.7-ha82da77_0.conda
  sha256: 776092346da87a2a23502e14d91eb0c32699c4a1522b7331537bd1c3751dcff5
  md5: 5b3e1610ff8bd5443476b91d618f5b77
  depends:
  - __osx >=11.0
  arch: arm64
  platform: osx
  license: Apache-2.0 WITH LLVM-exception
  license_family: Apache
  purls: []
  size: 523505
  timestamp: 1736877862502
- conda: https://conda.anaconda.org/conda-forge/osx-arm64/libexpat-2.6.4-h286801f_0.conda
  sha256: e42ab5ace927ee7c84e3f0f7d813671e1cf3529f5f06ee5899606630498c2745
  md5: 38d2656dd914feb0cab8c629370768bf
  depends:
  - __osx >=11.0
  constrains:
  - expat 2.6.4.*
  arch: arm64
  platform: osx
  license: MIT
  license_family: MIT
  purls: []
  size: 64693
  timestamp: 1730967175868
- conda: https://conda.anaconda.org/conda-forge/osx-arm64/libffi-3.4.2-h3422bc3_5.tar.bz2
  sha256: 41b3d13efb775e340e4dba549ab5c029611ea6918703096b2eaa9c015c0750ca
  md5: 086914b672be056eb70fd4285b6783b6
  arch: arm64
  platform: osx
  license: MIT
  license_family: MIT
  purls: []
  size: 39020
  timestamp: 1636488587153
- conda: https://conda.anaconda.org/conda-forge/osx-arm64/libgfortran-5.0.0-13_2_0_hd922786_3.conda
  sha256: 44e541b4821c96b28b27fef5630883a60ce4fee91fd9c79f25a199f8f73f337b
  md5: 4a55d9e169114b2b90d3ec4604cd7bbf
  depends:
  - libgfortran5 13.2.0 hf226fd6_3
  arch: arm64
  platform: osx
  license: GPL-3.0-only WITH GCC-exception-3.1
  license_family: GPL
  purls: []
  size: 110233
  timestamp: 1707330749033
- conda: https://conda.anaconda.org/conda-forge/osx-arm64/libgfortran5-13.2.0-hf226fd6_3.conda
  sha256: bafc679eedb468a86aa4636061c55966186399ee0a04b605920d208d97ac579a
  md5: 66ac81d54e95c534ae488726c1f698ea
  depends:
  - llvm-openmp >=8.0.0
  constrains:
  - libgfortran 5.0.0 13_2_0_*_3
  arch: arm64
  platform: osx
  license: GPL-3.0-only WITH GCC-exception-3.1
  license_family: GPL
  purls: []
  size: 997381
  timestamp: 1707330687590
- conda: https://conda.anaconda.org/conda-forge/osx-arm64/liblapack-3.9.0-26_osxarm64_openblas.conda
  build_number: 26
  sha256: dd6d9a21e672aee4332f019c8229ce70cf5eaf6c2f4cbd1443b105fb66c00dc5
  md5: cebad79038a75cfd28fa90d147a2d34d
  depends:
  - libblas 3.9.0 26_osxarm64_openblas
  constrains:
  - liblapacke 3.9.0 26_osxarm64_openblas
  - libcblas 3.9.0 26_osxarm64_openblas
  - blas * openblas
  arch: arm64
  platform: osx
  license: BSD-3-Clause
  license_family: BSD
  purls: []
  size: 16624
  timestamp: 1734433068120
- conda: https://conda.anaconda.org/conda-forge/osx-arm64/liblzma-5.6.3-h39f12f2_1.conda
  sha256: d863b8257406918ffdc50ae65502f2b2d6cede29404d09a094f59509d6a0aaf1
  md5: b2553114a7f5e20ccd02378a77d836aa
  depends:
  - __osx >=11.0
  constrains:
  - xz ==5.6.3=*_1
  arch: arm64
  platform: osx
  license: 0BSD
  purls: []
  size: 99129
  timestamp: 1733407496073
- conda: https://conda.anaconda.org/conda-forge/osx-arm64/libmpdec-4.0.0-h99b78c6_0.conda
  sha256: f7917de9117d3a5fe12a39e185c7ce424f8d5010a6f97b4333e8a1dcb2889d16
  md5: 7476305c35dd9acef48da8f754eedb40
  depends:
  - __osx >=11.0
  arch: arm64
  platform: osx
  license: BSD-2-Clause
  license_family: BSD
  purls: []
  size: 69263
  timestamp: 1723817629767
- conda: https://conda.anaconda.org/conda-forge/osx-arm64/libopenblas-0.3.28-openmp_hf332438_1.conda
  sha256: 62bb669c37a845129096f73d446cdb6bb170e4927f2fea2b661329680dbbc373
  md5: 40803a48d947c8639da6704e9a44d3ce
  depends:
  - __osx >=11.0
  - libgfortran 5.*
  - libgfortran5 >=13.2.0
  - llvm-openmp >=18.1.8
  constrains:
  - openblas >=0.3.28,<0.3.29.0a0
  arch: arm64
  platform: osx
  license: BSD-3-Clause
  license_family: BSD
  purls: []
  size: 4165774
  timestamp: 1730772154295
- conda: https://conda.anaconda.org/conda-forge/osx-arm64/libsqlite-3.48.0-h3f77e49_1.conda
  sha256: 17c06940cc2a13fd6a17effabd6881b1477db38b2cd3ee2571092d293d3fdd75
  md5: 4c55169502ecddf8077973a987d08f08
  depends:
  - __osx >=11.0
  - libzlib >=1.3.1,<2.0a0
  arch: arm64
  platform: osx
  license: Unlicense
  purls: []
  size: 852831
  timestamp: 1737564996616
- conda: https://conda.anaconda.org/conda-forge/osx-arm64/libzlib-1.3.1-h8359307_2.conda
  sha256: ce34669eadaba351cd54910743e6a2261b67009624dbc7daeeafdef93616711b
  md5: 369964e85dc26bfe78f41399b366c435
  depends:
  - __osx >=11.0
  constrains:
  - zlib 1.3.1 *_2
  arch: arm64
  platform: osx
  license: Zlib
  license_family: Other
  purls: []
  size: 46438
  timestamp: 1727963202283
- conda: https://conda.anaconda.org/conda-forge/osx-arm64/llvm-openmp-19.1.7-hdb05f8b_0.conda
  sha256: b92a669f2059874ebdcb69041b6c243d68ffc3fb356ac1339cec44aeb27245d7
  md5: c4d54bfd3817313ce758aa76283b118d
  depends:
  - __osx >=11.0
  constrains:
  - openmp 19.1.7|19.1.7.*
  arch: arm64
  platform: osx
  license: Apache-2.0 WITH LLVM-exception
  license_family: APACHE
  purls: []
  size: 280830
  timestamp: 1736986295869
- conda: https://conda.anaconda.org/conda-forge/osx-arm64/multidict-6.1.0-py313h6347b5a_1.conda
  sha256: 4822ae1adb18aebd8adc4b14575af3b73a72d8fc0cdd9183abfb64806da2bdba
  md5: a2fd6163d77cd463c89f8746ad11cac7
  depends:
  - __osx >=11.0
  - python >=3.13,<3.14.0a0
  - python >=3.13,<3.14.0a0 *_cp313
  - python_abi 3.13.* *_cp313
  arch: arm64
  platform: osx
  license: Apache-2.0
  license_family: APACHE
  purls:
  - pkg:pypi/multidict?source=hash-mapping
  size: 56170
  timestamp: 1729065738448
- conda: https://conda.anaconda.org/conda-forge/osx-arm64/ncurses-6.5-h5e97a16_2.conda
  sha256: b45c73348ec9841d5c893acc2e97adff24127548fe8c786109d03c41ed564e91
  md5: f6f7c5b7d0983be186c46c4f6f8f9af8
  depends:
  - __osx >=11.0
  arch: arm64
  platform: osx
  license: X11 AND BSD-3-Clause
  purls: []
  size: 796754
  timestamp: 1736683572099
- conda: https://conda.anaconda.org/conda-forge/osx-arm64/numpy-2.2.2-py313h41a2e72_0.conda
  sha256: 0e7f27766505a73ceafaf48c2d791e4f1aa197f61456038c9f4ae042b811d5df
  md5: e5041789d91a22a14205a69faf4ee324
  depends:
  - __osx >=11.0
  - libblas >=3.9.0,<4.0a0
  - libcblas >=3.9.0,<4.0a0
  - libcxx >=18
  - liblapack >=3.9.0,<4.0a0
  - python >=3.13,<3.14.0a0
  - python >=3.13,<3.14.0a0 *_cp313
  - python_abi 3.13.* *_cp313
  constrains:
  - numpy-base <0a0
  arch: arm64
  platform: osx
  license: BSD-3-Clause
  license_family: BSD
  purls:
  - pkg:pypi/numpy?source=hash-mapping
  size: 6517665
  timestamp: 1737331575921
- conda: https://conda.anaconda.org/conda-forge/osx-arm64/openssl-3.4.0-h81ee809_1.conda
  sha256: 97772762abc70b3a537683ca9fc3ff3d6099eb64e4aba3b9c99e6fce48422d21
  md5: 22f971393637480bda8c679f374d8861
  depends:
  - __osx >=11.0
  - ca-certificates
  arch: arm64
  platform: osx
  license: Apache-2.0
  license_family: Apache
  purls: []
  size: 2936415
  timestamp: 1736086108693
- conda: https://conda.anaconda.org/conda-forge/osx-arm64/orjson-3.10.15-py313hdde674f_0.conda
  sha256: c31cac95772fbf91d2a3d74da4b674104e4f49208380c72067aee27507d5a1de
  md5: 68ab3abca709bcc4280f1a108d01d83a
  depends:
  - __osx >=11.0
  - python >=3.13,<3.14.0a0
  - python >=3.13,<3.14.0a0 *_cp313
  - python_abi 3.13.* *_cp313
  constrains:
  - __osx >=11.0
  arch: arm64
  platform: osx
  license: Apache-2.0
  license_family: Apache
  purls:
  - pkg:pypi/orjson?source=hash-mapping
  size: 269011
  timestamp: 1737229421917
- conda: https://conda.anaconda.org/conda-forge/noarch/packaging-24.2-pyhd8ed1ab_2.conda
  sha256: da157b19bcd398b9804c5c52fc000fcb8ab0525bdb9c70f95beaa0bb42f85af1
  md5: 3bfed7e6228ebf2f7b9eaa47f1b4e2aa
  depends:
  - python >=3.8
  license: Apache-2.0
  license_family: APACHE
  purls:
  - pkg:pypi/packaging?source=hash-mapping
  size: 60164
  timestamp: 1733203368787
- conda: https://conda.anaconda.org/conda-forge/osx-arm64/propcache-0.2.1-py313ha9b7d5b_1.conda
  sha256: b0a1eff5272977d04448ae16ae89c77b20f8c5c1ad6a92cd5821dd9625e8f806
  md5: b587bc88a68e210ea12a92ed174d3671
  depends:
  - __osx >=11.0
  - python >=3.13,<3.14.0a0
  - python >=3.13,<3.14.0a0 *_cp313
  - python_abi 3.13.* *_cp313
  arch: arm64
  platform: osx
  license: Apache-2.0
  license_family: APACHE
  purls:
  - pkg:pypi/propcache?source=hash-mapping
  size: 50184
  timestamp: 1737635931280
- conda: https://conda.anaconda.org/conda-forge/noarch/pycparser-2.22-pyh29332c3_1.conda
  sha256: 79db7928d13fab2d892592223d7570f5061c192f27b9febd1a418427b719acc6
  md5: 12c566707c80111f9799308d9e265aef
  depends:
  - python >=3.9
  - python
  license: BSD-3-Clause
  license_family: BSD
  purls: []
  size: 110100
  timestamp: 1733195786147
- conda: https://conda.anaconda.org/conda-forge/noarch/pydantic-2.10.6-pyh3cfb1c2_0.conda
  sha256: 9a78801a28959edeb945e8270a4e666577b52fac0cf4e35f88cf122f73d83e75
  md5: c69f87041cf24dfc8cb6bf64ca7133c7
  depends:
  - annotated-types >=0.6.0
  - pydantic-core 2.27.2
  - python >=3.9
  - typing-extensions >=4.6.1
  - typing_extensions >=4.12.2
  license: MIT
  license_family: MIT
  purls:
  - pkg:pypi/pydantic?source=hash-mapping
  size: 296841
  timestamp: 1737761472006
- conda: https://conda.anaconda.org/conda-forge/osx-arm64/pydantic-core-2.27.2-py313hdde674f_0.conda
  sha256: e59662375a64c65cdbf51d0457e6d4b45c27854b5915355ec9c789c140bf9464
  md5: 3b2f1a63943ac3c2ac6da3c8e777d78c
  depends:
  - __osx >=11.0
  - python >=3.13,<3.14.0a0
  - python >=3.13,<3.14.0a0 *_cp313
  - python_abi 3.13.* *_cp313
  - typing-extensions >=4.6.0,!=4.7.0
  constrains:
  - __osx >=11.0
  arch: arm64
  platform: osx
  license: MIT
  license_family: MIT
  purls:
  - pkg:pypi/pydantic-core?source=hash-mapping
  size: 1595692
  timestamp: 1734572306619
- conda: https://conda.anaconda.org/conda-forge/noarch/pysocks-1.7.1-pyha55dd90_7.conda
  sha256: ba3b032fa52709ce0d9fd388f63d330a026754587a2f461117cac9ab73d8d0d8
  md5: 461219d1a5bd61342293efa2c0c90eac
  depends:
  - __unix
  - python >=3.9
  license: BSD-3-Clause
  license_family: BSD
  purls:
  - pkg:pypi/pysocks?source=hash-mapping
  size: 21085
  timestamp: 1733217331982
- conda: https://conda.anaconda.org/conda-forge/osx-arm64/python-3.13.1-h4f43103_105_cp313.conda
  build_number: 105
  sha256: 7d27cc8ef214abbdf7dd8a5d473e744f4bd9beb7293214a73c58e4895c2830b8
  md5: 11d916b508764b7d881dd5c75d222d6e
  depends:
  - __osx >=11.0
  - bzip2 >=1.0.8,<2.0a0
  - libexpat >=2.6.4,<3.0a0
  - libffi >=3.4,<4.0a0
  - liblzma >=5.6.3,<6.0a0
  - libmpdec >=4.0.0,<5.0a0
  - libsqlite >=3.47.2,<4.0a0
  - libzlib >=1.3.1,<2.0a0
  - ncurses >=6.5,<7.0a0
  - openssl >=3.4.0,<4.0a0
  - python_abi 3.13.* *_cp313
  - readline >=8.2,<9.0a0
  - tk >=8.6.13,<8.7.0a0
  - tzdata
  arch: arm64
  platform: osx
  license: Python-2.0
  purls: []
  size: 12919840
  timestamp: 1736761931666
  python_site_packages_path: lib/python3.13/site-packages
- conda: https://conda.anaconda.org/conda-forge/osx-arm64/python_abi-3.13-5_cp313.conda
  build_number: 5
  sha256: 4437198eae80310f40b23ae2f8a9e0a7e5c2b9ae411a8621eb03d87273666199
  md5: b8e82d0a5c1664638f87f63cc5d241fb
  constrains:
  - python 3.13.* *_cp313
  arch: arm64
  platform: osx
  license: BSD-3-Clause
  license_family: BSD
  purls: []
  size: 6322
  timestamp: 1723823058879
- conda: https://conda.anaconda.org/conda-forge/osx-arm64/pyyaml-6.0.2-py313ha9b7d5b_2.conda
  sha256: 58c41b86ff2dabcf9ccd9010973b5763ec28b14030f9e1d9b371d22b538bce73
  md5: 03a7926e244802f570f25401c25c13bc
  depends:
  - __osx >=11.0
  - python >=3.13,<3.14.0a0
  - python >=3.13,<3.14.0a0 *_cp313
  - python_abi 3.13.* *_cp313
  - yaml >=0.2.5,<0.3.0a0
  arch: arm64
  platform: osx
  license: MIT
  license_family: MIT
  purls:
  - pkg:pypi/pyyaml?source=hash-mapping
  size: 194243
  timestamp: 1737454911892
- conda: https://conda.anaconda.org/conda-forge/osx-arm64/readline-8.2-h92ec313_1.conda
  sha256: a1dfa679ac3f6007362386576a704ad2d0d7a02e98f5d0b115f207a2da63e884
  md5: 8cbb776a2f641b943d413b3e19df71f4
  depends:
  - ncurses >=6.3,<7.0a0
  arch: arm64
  platform: osx
  license: GPL-3.0-only
  license_family: GPL
  purls: []
  size: 250351
  timestamp: 1679532511311
- conda: https://conda.anaconda.org/conda-forge/noarch/requests-2.32.3-pyhd8ed1ab_1.conda
  sha256: d701ca1136197aa121bbbe0e8c18db6b5c94acbd041c2b43c70e5ae104e1d8ad
  md5: a9b9368f3701a417eac9edbcae7cb737
  depends:
  - certifi >=2017.4.17
  - charset-normalizer >=2,<4
  - idna >=2.5,<4
  - python >=3.9
  - urllib3 >=1.21.1,<3
  constrains:
  - chardet >=3.0.2,<6
  license: Apache-2.0
  license_family: APACHE
  purls:
  - pkg:pypi/requests?source=hash-mapping
  size: 58723
  timestamp: 1733217126197
- conda: https://conda.anaconda.org/conda-forge/noarch/requests-toolbelt-1.0.0-pyhd8ed1ab_1.conda
  sha256: c0b815e72bb3f08b67d60d5e02251bbb0164905b5f72942ff5b6d2a339640630
  md5: 66de8645e324fda0ea6ef28c2f99a2ab
  depends:
  - python >=3.9
  - requests >=2.0.1,<3.0.0
  license: Apache-2.0
  license_family: APACHE
  purls:
  - pkg:pypi/requests-toolbelt?source=hash-mapping
  size: 44285
  timestamp: 1733734886897
- conda: https://conda.anaconda.org/conda-forge/noarch/sniffio-1.3.1-pyhd8ed1ab_1.conda
  sha256: c2248418c310bdd1719b186796ae50a8a77ce555228b6acd32768e2543a15012
  md5: bf7a226e58dfb8346c70df36065d86c9
  depends:
  - python >=3.9
  license: Apache-2.0
  license_family: Apache
  purls:
  - pkg:pypi/sniffio?source=hash-mapping
  size: 15019
  timestamp: 1733244175724
- conda: https://conda.anaconda.org/conda-forge/osx-arm64/sqlalchemy-2.0.37-py313h90d716c_0.conda
  sha256: c9cfefa3a0b1455361daa9372663ccce9720907850cdc82b6e96052b4a8c6e6d
  md5: 9fff3bc5f8a3852f15a60ae956a1fb71
  depends:
  - __osx >=11.0
  - greenlet !=0.4.17
  - python >=3.13,<3.14.0a0
  - python >=3.13,<3.14.0a0 *_cp313
  - python_abi 3.13.* *_cp313
  - typing-extensions >=4.6.0
  arch: arm64
  platform: osx
  license: MIT
  license_family: MIT
  purls:
  - pkg:pypi/sqlalchemy?source=hash-mapping
  size: 3599053
  timestamp: 1736500001607
- pypi: .
  name: stonefly
  version: 0.1.0
  sha256: c5eb92f9b87efcfd5dd5f17f46c82efaf79e6d38632c0dfe723b6f8b3f0affb2
  requires_python: '>=3.11'
  editable: true
- conda: https://conda.anaconda.org/conda-forge/noarch/tenacity-9.0.0-pyhd8ed1ab_1.conda
  sha256: dcf2155fb959773fb102066bfab8e7d79aff67054d142716979274a43fc85735
  md5: a09f66fe95a54a92172e56a4a97ba271
  depends:
  - python >=3.9
  license: Apache-2.0
  license_family: APACHE
  purls:
  - pkg:pypi/tenacity?source=hash-mapping
  size: 24808
  timestamp: 1733649153624
- conda: https://conda.anaconda.org/conda-forge/osx-arm64/tk-8.6.13-h5083fa2_1.conda
  sha256: 72457ad031b4c048e5891f3f6cb27a53cb479db68a52d965f796910e71a403a8
  md5: b50a57ba89c32b62428b71a875291c9b
  depends:
  - libzlib >=1.2.13,<2.0.0a0
  arch: arm64
  platform: osx
  license: TCL
  license_family: BSD
  purls: []
  size: 3145523
  timestamp: 1699202432999
- conda: https://conda.anaconda.org/conda-forge/noarch/typing-extensions-4.12.2-hd8ed1ab_1.conda
  noarch: python
  sha256: c8e9c1c467b5f960b627d7adc1c65fece8e929a3de89967e91ef0f726422fd32
  md5: b6a408c64b78ec7b779a3e5c7a902433
  depends:
  - typing_extensions 4.12.2 pyha770c72_1
  license: PSF-2.0
  license_family: PSF
  purls: []
  size: 10075
  timestamp: 1733188758872
- conda: https://conda.anaconda.org/conda-forge/noarch/typing_extensions-4.12.2-pyha770c72_1.conda
  sha256: 337be7af5af8b2817f115b3b68870208b30c31d3439bec07bfb2d8f4823e3568
  md5: d17f13df8b65464ca316cbc000a3cb64
  depends:
  - python >=3.9
  license: PSF-2.0
  license_family: PSF
  purls:
  - pkg:pypi/typing-extensions?source=hash-mapping
  size: 39637
  timestamp: 1733188758212
- conda: https://conda.anaconda.org/conda-forge/noarch/tzdata-2025a-h78e105d_0.conda
  sha256: c4b1ae8a2931fe9b274c44af29c5475a85b37693999f8c792dad0f8c6734b1de
  md5: dbcace4706afdfb7eb891f7b37d07c04
  license: LicenseRef-Public-Domain
  purls: []
  size: 122921
  timestamp: 1737119101255
- conda: https://conda.anaconda.org/conda-forge/noarch/urllib3-2.3.0-pyhd8ed1ab_0.conda
  sha256: 114919ffa80c328127dab9c8e7a38f9d563c617691fb81fccb11c1e86763727e
  md5: 32674f8dbfb7b26410ed580dd3c10a29
  depends:
  - brotli-python >=1.0.9
  - h2 >=4,<5
  - pysocks >=1.5.6,<2.0,!=1.5.7
  - python >=3.9
  - zstandard >=0.18.0
  license: MIT
  license_family: MIT
  purls:
  - pkg:pypi/urllib3?source=hash-mapping
  size: 100102
  timestamp: 1734859520452
- conda: https://conda.anaconda.org/conda-forge/osx-arm64/yaml-0.2.5-h3422bc3_2.tar.bz2
  sha256: 93181a04ba8cfecfdfb162fc958436d868cc37db504c58078eab4c1a3e57fbb7
  md5: 4bb3f014845110883a3c5ee811fd84b4
  arch: arm64
  platform: osx
  license: MIT
  license_family: MIT
  purls: []
  size: 88016
  timestamp: 1641347076660
- conda: https://conda.anaconda.org/conda-forge/osx-arm64/yarl-1.18.3-py313ha9b7d5b_1.conda
  sha256: ee7213dd0494f38b5d1ca647e1b62224a2dea689601700b734a3adc8975dbe27
  md5: ab11e807bc3f730f7e58b202272855f9
  depends:
  - __osx >=11.0
  - idna >=2.0
  - multidict >=4.0
  - propcache >=0.2.1
  - python >=3.13,<3.14.0a0
  - python >=3.13,<3.14.0a0 *_cp313
  - python_abi 3.13.* *_cp313
  arch: arm64
  platform: osx
  license: Apache-2.0
  license_family: Apache
  purls:
  - pkg:pypi/yarl?source=hash-mapping
  size: 146183
  timestamp: 1737576016040
- conda: https://conda.anaconda.org/conda-forge/osx-arm64/zstandard-0.23.0-py313hf2da073_1.conda
  sha256: 12b4e34acff24d291e2626c6610dfd819b8d99a461025ae59affcb6e84bc1d57
  md5: deebca66926691fadaaf16da05ecb5f9
  depends:
  - __osx >=11.0
  - cffi >=1.11
  - python >=3.13.0rc1,<3.14.0a0
  - python >=3.13.0rc1,<3.14.0a0 *_cp313
  - python_abi 3.13.* *_cp313
  - zstd >=1.5.6,<1.5.7.0a0
  - zstd >=1.5.6,<1.6.0a0
  arch: arm64
  platform: osx
  license: BSD-3-Clause
  license_family: BSD
  purls:
  - pkg:pypi/zstandard?source=hash-mapping
  size: 336496
  timestamp: 1725305912716
- conda: https://conda.anaconda.org/conda-forge/osx-arm64/zstd-1.5.6-hb46c0d2_0.conda
  sha256: 2d4fd1ff7ee79cd954ca8e81abf11d9d49954dd1fef80f27289e2402ae9c2e09
  md5: d96942c06c3e84bfcc5efb038724a7fd
  depends:
  - __osx >=11.0
  - libzlib >=1.2.13,<2.0.0a0
  arch: arm64
  platform: osx
  license: BSD-3-Clause
  license_family: BSD
  purls: []
  size: 405089
  timestamp: 1714723101397
